
Microsoft Visual Studio Solution File, Format Version 12.00
# Visual Studio 14
VisualStudioVersion = 14.0.24720.0
MinimumVisualStudioVersion = 10.0.40219.1
Project("{FAE04EC0-301F-11D3-BF4B-00C04F79EFBC}") = "TesteWebmotors.Domain", "TesteWebmotors.Domain\TesteWebmotors.Domain.csproj", "{A53B7DE8-1102-4068-9C32-E95DFB1F8FB3}"
EndProject
Project("{FAE04EC0-301F-11D3-BF4B-00C04F79EFBC}") = "TesteWebmotors.Test", "TesteWebmotors.Test\TesteWebmotors.Test.csproj", "{5249501B-231B-49B8-BFD2-E6236AFC4075}"
EndProject
Project("{FAE04EC0-301F-11D3-BF4B-00C04F79EFBC}") = "TesteWebmotors.Infrastructure", "TesteWebmotors.Infrastructure\TesteWebmotors.Infrastructure.csproj", "{05218736-0056-49D7-8DAD-1E04F5399F2A}"
EndProject
Project("{FAE04EC0-301F-11D3-BF4B-00C04F79EFBC}") = "TesteWebmotors.UI", "TesteWebmotors.UI\TesteWebmotors.UI.csproj", "{CD6AB7BA-9C00-43F7-ADD8-BB065730B902}"
EndProject
Global
	GlobalSection(SolutionConfigurationPlatforms) = preSolution
		Debug|Any CPU = Debug|Any CPU
		Release|Any CPU = Release|Any CPU
	EndGlobalSection
	GlobalSection(ProjectConfigurationPlatforms) = postSolution
		{A53B7DE8-1102-4068-9C32-E95DFB1F8FB3}.Debug|Any CPU.ActiveCfg = Debug|Any CPU
		{A53B7DE8-1102-4068-9C32-E95DFB1F8FB3}.Debug|Any CPU.Build.0 = Debug|Any CPU
		{A53B7DE8-1102-4068-9C32-E95DFB1F8FB3}.Release|Any CPU.ActiveCfg = Release|Any CPU
		{A53B7DE8-1102-4068-9C32-E95DFB1F8FB3}.Release|Any CPU.Build.0 = Release|Any CPU
		{5249501B-231B-49B8-BFD2-E6236AFC4075}.Debug|Any CPU.ActiveCfg = Debug|Any CPU
		{5249501B-231B-49B8-BFD2-E6236AFC4075}.Debug|Any CPU.Build.0 = Debug|Any CPU
		{5249501B-231B-49B8-BFD2-E6236AFC4075}.Release|Any CPU.ActiveCfg = Release|Any CPU
		{5249501B-231B-49B8-BFD2-E6236AFC4075}.Release|Any CPU.Build.0 = Release|Any CPU
		{05218736-0056-49D7-8DAD-1E04F5399F2A}.Debug|Any CPU.ActiveCfg = Debug|Any CPU
		{05218736-0056-49D7-8DAD-1E04F5399F2A}.Debug|Any CPU.Build.0 = Debug|Any CPU
		{05218736-0056-49D7-8DAD-1E04F5399F2A}.Release|Any CPU.ActiveCfg = Release|Any CPU
		{05218736-0056-49D7-8DAD-1E04F5399F2A}.Release|Any CPU.Build.0 = Release|Any CPU
		{CD6AB7BA-9C00-43F7-ADD8-BB065730B902}.Debug|Any CPU.ActiveCfg = Debug|Any CPU
		{CD6AB7BA-9C00-43F7-ADD8-BB065730B902}.Debug|Any CPU.Build.0 = Debug|Any CPU
		{CD6AB7BA-9C00-43F7-ADD8-BB065730B902}.Release|Any CPU.ActiveCfg = Release|Any CPU
		{CD6AB7BA-9C00-43F7-ADD8-BB065730B902}.Release|Any CPU.Build.0 = Release|Any CPU
	EndGlobalSection
	GlobalSection(SolutionProperties) = preSolution
		HideSolutionNode = FALSE
	EndGlobalSection
EndGlobal
